
Microsoft Visual Studio Solution File, Format Version 12.00
# Visual Studio 14
VisualStudioVersion = 14.0.23107.0
MinimumVisualStudioVersion = 10.0.40219.1
Project("{FAE04EC0-301F-11D3-BF4B-00C04F79EFBC}") = "SOLID.IoC", "SOLID.IoC\SOLID.IoC.csproj", "{6F899813-81DD-4742-80EA-D80C718D92AD}"
EndProject
Project("{FAE04EC0-301F-11D3-BF4B-00C04F79EFBC}") = "SOLID.DAL", "SOLID.DAL\SOLID.DAL.csproj", "{49BA288F-6D33-4484-BBA4-894EC612A40E}"
EndProject
Project("{FAE04EC0-301F-11D3-BF4B-00C04F79EFBC}") = "SOLID.Global", "SOLID.Global\SOLID.Global.csproj", "{F3042009-A6F3-4381-B84D-7B17C15E7CFF}"
EndProject
Project("{FAE04EC0-301F-11D3-BF4B-00C04F79EFBC}") = "SOLID.WebApi", "SOLID.WebApi\SOLID.WebApi.csproj", "{BD3D6BCC-2BF4-4BF7-B03D-EC8A993D99A1}"
EndProject
Project("{FAE04EC0-301F-11D3-BF4B-00C04F79EFBC}") = "SOLID.WebClient", "SOLID.WebClient\SOLID.WebClient.csproj", "{ABF1ABB4-4797-4448-A3BA-97B92B0670B6}"
EndProject
Project("{FAE04EC0-301F-11D3-BF4B-00C04F79EFBC}") = "SOLID.BLL", "SOLID.BLL\SOLID.BLL.csproj", "{23BE765E-E2AA-442C-9A77-9732B5AD991E}"
EndProject
Project("{2150E333-8FDC-42A3-9474-1A3956D46DE8}") = "UnitTests", "UnitTests", "{6E3ACB93-4D09-4E99-8D11-D8D53A9666C6}"
EndProject
Project("{FAE04EC0-301F-11D3-BF4B-00C04F79EFBC}") = "SOLID.WebApi.Tests", "SOLID.WebApi.Tests\SOLID.WebApi.Tests.csproj", "{A8E0F79B-70F3-4FAA-91B7-5FB4C240E273}"
EndProject
Project("{FAE04EC0-301F-11D3-BF4B-00C04F79EFBC}") = "SOLID.IoC.Tests", "SOLID.IoC.Tests\SOLID.IoC.Tests.csproj", "{0BA05873-F136-4B93-9845-29A54B151BBF}"
EndProject
Project("{FAE04EC0-301F-11D3-BF4B-00C04F79EFBC}") = "SOLID.BLL.Tests", "SOLID.BLL.Tests\SOLID.BLL.Tests.csproj", "{C5F0EEA2-5479-4453-B768-4823DC828D0B}"
EndProject
Project("{FAE04EC0-301F-11D3-BF4B-00C04F79EFBC}") = "SOLID.Resources", "SOLID.Resources\SOLID.Resources.csproj", "{E60A53C2-9EF6-4DE6-8C4A-605319D2F701}"
EndProject
Project("{FAE04EC0-301F-11D3-BF4B-00C04F79EFBC}") = "SOLID.Context", "SOLID.Context\SOLID.Context.csproj", "{8148C304-13CD-4EBF-AA2F-F8590ED25E91}"
EndProject
Global
	GlobalSection(SolutionConfigurationPlatforms) = preSolution
		Debug|Any CPU = Debug|Any CPU
		Release|Any CPU = Release|Any CPU
	EndGlobalSection
	GlobalSection(ProjectConfigurationPlatforms) = postSolution
		{6F899813-81DD-4742-80EA-D80C718D92AD}.Debug|Any CPU.ActiveCfg = Debug|Any CPU
		{6F899813-81DD-4742-80EA-D80C718D92AD}.Debug|Any CPU.Build.0 = Debug|Any CPU
		{6F899813-81DD-4742-80EA-D80C718D92AD}.Release|Any CPU.ActiveCfg = Release|Any CPU
		{6F899813-81DD-4742-80EA-D80C718D92AD}.Release|Any CPU.Build.0 = Release|Any CPU
		{49BA288F-6D33-4484-BBA4-894EC612A40E}.Debug|Any CPU.ActiveCfg = Debug|Any CPU
		{49BA288F-6D33-4484-BBA4-894EC612A40E}.Debug|Any CPU.Build.0 = Debug|Any CPU
		{49BA288F-6D33-4484-BBA4-894EC612A40E}.Release|Any CPU.ActiveCfg = Release|Any CPU
		{49BA288F-6D33-4484-BBA4-894EC612A40E}.Release|Any CPU.Build.0 = Release|Any CPU
		{F3042009-A6F3-4381-B84D-7B17C15E7CFF}.Debug|Any CPU.ActiveCfg = Debug|Any CPU
		{F3042009-A6F3-4381-B84D-7B17C15E7CFF}.Debug|Any CPU.Build.0 = Debug|Any CPU
		{F3042009-A6F3-4381-B84D-7B17C15E7CFF}.Release|Any CPU.ActiveCfg = Release|Any CPU
		{F3042009-A6F3-4381-B84D-7B17C15E7CFF}.Release|Any CPU.Build.0 = Release|Any CPU
		{BD3D6BCC-2BF4-4BF7-B03D-EC8A993D99A1}.Debug|Any CPU.ActiveCfg = Debug|Any CPU
		{BD3D6BCC-2BF4-4BF7-B03D-EC8A993D99A1}.Debug|Any CPU.Build.0 = Debug|Any CPU
		{BD3D6BCC-2BF4-4BF7-B03D-EC8A993D99A1}.Release|Any CPU.ActiveCfg = Release|Any CPU
		{BD3D6BCC-2BF4-4BF7-B03D-EC8A993D99A1}.Release|Any CPU.Build.0 = Release|Any CPU
		{ABF1ABB4-4797-4448-A3BA-97B92B0670B6}.Debug|Any CPU.ActiveCfg = Debug|Any CPU
		{ABF1ABB4-4797-4448-A3BA-97B92B0670B6}.Debug|Any CPU.Build.0 = Debug|Any CPU
		{ABF1ABB4-4797-4448-A3BA-97B92B0670B6}.Release|Any CPU.ActiveCfg = Release|Any CPU
		{ABF1ABB4-4797-4448-A3BA-97B92B0670B6}.Release|Any CPU.Build.0 = Release|Any CPU
		{23BE765E-E2AA-442C-9A77-9732B5AD991E}.Debug|Any CPU.ActiveCfg = Debug|Any CPU
		{23BE765E-E2AA-442C-9A77-9732B5AD991E}.Debug|Any CPU.Build.0 = Debug|Any CPU
		{23BE765E-E2AA-442C-9A77-9732B5AD991E}.Release|Any CPU.ActiveCfg = Release|Any CPU
		{23BE765E-E2AA-442C-9A77-9732B5AD991E}.Release|Any CPU.Build.0 = Release|Any CPU
		{A8E0F79B-70F3-4FAA-91B7-5FB4C240E273}.Debug|Any CPU.ActiveCfg = Debug|Any CPU
		{A8E0F79B-70F3-4FAA-91B7-5FB4C240E273}.Debug|Any CPU.Build.0 = Debug|Any CPU
		{A8E0F79B-70F3-4FAA-91B7-5FB4C240E273}.Release|Any CPU.ActiveCfg = Release|Any CPU
		{A8E0F79B-70F3-4FAA-91B7-5FB4C240E273}.Release|Any CPU.Build.0 = Release|Any CPU
		{0BA05873-F136-4B93-9845-29A54B151BBF}.Debug|Any CPU.ActiveCfg = Debug|Any CPU
		{0BA05873-F136-4B93-9845-29A54B151BBF}.Debug|Any CPU.Build.0 = Debug|Any CPU
		{0BA05873-F136-4B93-9845-29A54B151BBF}.Release|Any CPU.ActiveCfg = Release|Any CPU
		{0BA05873-F136-4B93-9845-29A54B151BBF}.Release|Any CPU.Build.0 = Release|Any CPU
		{C5F0EEA2-5479-4453-B768-4823DC828D0B}.Debug|Any CPU.ActiveCfg = Debug|Any CPU
		{C5F0EEA2-5479-4453-B768-4823DC828D0B}.Debug|Any CPU.Build.0 = Debug|Any CPU
		{C5F0EEA2-5479-4453-B768-4823DC828D0B}.Release|Any CPU.ActiveCfg = Release|Any CPU
		{C5F0EEA2-5479-4453-B768-4823DC828D0B}.Release|Any CPU.Build.0 = Release|Any CPU
		{E60A53C2-9EF6-4DE6-8C4A-605319D2F701}.Debug|Any CPU.ActiveCfg = Debug|Any CPU
		{E60A53C2-9EF6-4DE6-8C4A-605319D2F701}.Debug|Any CPU.Build.0 = Debug|Any CPU
		{E60A53C2-9EF6-4DE6-8C4A-605319D2F701}.Release|Any CPU.ActiveCfg = Release|Any CPU
		{E60A53C2-9EF6-4DE6-8C4A-605319D2F701}.Release|Any CPU.Build.0 = Release|Any CPU
		{8148C304-13CD-4EBF-AA2F-F8590ED25E91}.Debug|Any CPU.ActiveCfg = Debug|Any CPU
		{8148C304-13CD-4EBF-AA2F-F8590ED25E91}.Debug|Any CPU.Build.0 = Debug|Any CPU
		{8148C304-13CD-4EBF-AA2F-F8590ED25E91}.Release|Any CPU.ActiveCfg = Release|Any CPU
		{8148C304-13CD-4EBF-AA2F-F8590ED25E91}.Release|Any CPU.Build.0 = Release|Any CPU
	EndGlobalSection
	GlobalSection(SolutionProperties) = preSolution
		HideSolutionNode = FALSE
	EndGlobalSection
	GlobalSection(NestedProjects) = preSolution
		{A8E0F79B-70F3-4FAA-91B7-5FB4C240E273} = {6E3ACB93-4D09-4E99-8D11-D8D53A9666C6}
		{0BA05873-F136-4B93-9845-29A54B151BBF} = {6E3ACB93-4D09-4E99-8D11-D8D53A9666C6}
		{C5F0EEA2-5479-4453-B768-4823DC828D0B} = {6E3ACB93-4D09-4E99-8D11-D8D53A9666C6}
	EndGlobalSection
EndGlobal
